PODS:
  - DKImagePickerController/Core (4.3.9):
    - DKImagePickerController/ImageDataManager
    - DKImagePickerController/Resource
  - DKImagePickerController/ImageDataManager (4.3.9)
  - DKImagePickerController/PhotoGallery (4.3.9):
    - DKImagePickerController/Core
    - DKPhotoGallery
  - DKImagePickerController/Resource (4.3.9)
  - DKPhotoGallery (0.0.19):
    - DKPhotoGallery/Core (= 0.0.19)
    - DKPhotoGallery/Model (= 0.0.19)
    - DKPhotoGallery/Preview (= 0.0.19)
    - DKPhotoGallery/Resource (= 0.0.19)
    - SDWebImage
    - SwiftyGif
  - DKPhotoGallery/Core (0.0.19):
    - DKPhotoGallery/Model
    - DKPhotoGallery/Preview
    - SDWebImage
    - SwiftyGif
  - DKPhotoGallery/Model (0.0.19):
    - SDWebImage
    - SwiftyGif
  - DKPhotoGallery/Preview (0.0.19):
    - DKPhotoGallery/Model
    - DKPhotoGallery/Resource
    - SDWebImage
    - SwiftyGif
  - DKPhotoGallery/Resource (0.0.19):
    - SDWebImage
    - SwiftyGif
  - file_picker (0.0.1):
    - DKImagePickerController/PhotoGallery
    - Flutter
  - Flutter (1.0.0)
  - flutter_native_splash (2.4.3):
    - Flutter
  - image_picker_ios (0.0.1):
    - Flutter
  - in_app_purchase_storekit (0.0.1):
    - Flutter
    - FlutterMacOS
  - package_info_plus (0.4.5):
    - Flutter
  - permission_handler_apple (9.3.0):
    - Flutter
  - photo_manager (3.8.3):
    - Flutter
    - FlutterMacOS
  - SDWebImage (5.21.5):
    - SDWebImage/Core (= 5.21.5)
  - SDWebImage/Core (5.21.5)
  - share_plus (0.0.1):
    - Flutter
  - sqflite_darwin (0.0.4):
    - Flutter
    - FlutterMacOS
  - SwiftyGif (5.4.5)

DEPENDENCIES:
  - file_picker (from `.symlinks/plugins/file_picker/ios`)
  - Flutter (from `Flutter`)
  - flutter_native_splash (from `.symlinks/plugins/flutter_native_splash/ios`)
  - image_picker_ios (from `.symlinks/plugins/image_picker_ios/ios`)
  - in_app_purchase_storekit (from `.symlinks/plugins/in_app_purchase_storekit/darwin`)
  - package_info_plus (from `.symlinks/plugins/package_info_plus/ios`)
  - permission_handler_apple (from `.symlinks/plugins/permission_handler_apple/ios`)
  - photo_manager (from `.symlinks/plugins/photo_manager/darwin`)
  - share_plus (from `.symlinks/plugins/share_plus/ios`)
  - sqflite_darwin (from `.symlinks/plugins/sqflite_darwin/darwin`)

SPEC REPOS:
  trunk:
    - DKImagePickerController
    - DKPhotoGallery
    - SDWebImage
    - SwiftyGif

EXTERNAL SOURCES:
  file_picker:
    :path: ".symlinks/plugins/file_picker/ios"
  Flutter:
    :path: Flutter
  flutter_native_splash:
    :path: ".symlinks/plugins/flutter_native_splash/ios"
  image_picker_ios:
    :path: ".symlinks/plugins/image_picker_ios/ios"
  in_app_purchase_storekit:
    :path: ".symlinks/plugins/in_app_purchase_storekit/darwin"
  package_info_plus:
    :path: ".symlinks/plugins/package_info_plus/ios"
  permission_handler_apple:
    :path: ".symlinks/plugins/permission_handler_apple/ios"
  photo_manager:
    :path: ".symlinks/plugins/photo_manager/darwin"
  share_plus:
    :path: ".symlinks/plugins/share_plus/ios"
  sqflite_darwin:
    :path: ".symlinks/plugins/sqflite_darwin/darwin"

SPEC CHECKSUMS:
  DKImagePickerController: 946cec48c7873164274ecc4624d19e3da4c1ef3c
  DKPhotoGallery: b3834fecb755ee09a593d7c9e389d8b5d6deed60
  file_picker: 09aa5ec1ab24135ccd7a1621c46c84134bfd6655
  Flutter: cabc95a1d2626b1b06e7179b784ebcf0c0cde467
  flutter_native_splash: f71420956eb811e6d310720fee915f1d42852e7a
  image_picker_ios: 4f2f91b01abdb52842a8e277617df877e40f905b
  in_app_purchase_storekit: 2342c0a5da86593124d08dd13d920f39a52b273a
  package_info_plus: c0502532a26c7662a62a356cebe2692ec5fe4ec4
  permission_handler_apple: 9878588469a2b0d0fc1e048d9f43605f92e6cec2
  photo_manager: 647b6f5c5057632e2d00e2921c6ce3437ded57a9
  SDWebImage: e9c98383c7572d713c1a0d7dd2783b10599b9838
  share_plus: 8875f4f2500512ea181eef553c3e27dba5135aad
  sqflite_darwin: 5a7236e3b501866c1c9befc6771dfd73ffb8702d
  SwiftyGif: 706c60cf65fa2bc5ee0313beece843c8eb8194d4

PODFILE CHECKSUM: 251cb053df7158f337c0712f2ab29f4e0fa474ce

COCOAPODS: 1.16.2
